// !$*UTF8*$!
{
	archiveVersion = 1;
	classes = {
	};
	objectVersion = 46;
	objects = {
/* Begin PBXBuildFile section */
		0042C8E755044455970B31B8 /* ElectrodeEventRegistrar.h in Headers */ = {isa = PBXBuildFile; fileRef = B8D9E92B5BA84186B2064F84 /* ElectrodeEventRegistrar.h */; };
		00E4AF6314E340D2B514D0F0 /* ENNavigationProtocol.swift in Sources */ = {isa = PBXBuildFile; fileRef = F75BFB1AB8614D649D9BF137 /* ENNavigationProtocol.swift */; };
		04F314FBD9D34F4A8E44C599 /* ElectrodeBridgeProtocols.h in Headers */ = {isa = PBXBuildFile; fileRef = 958AE31086964C17AE7C8D6A /* ElectrodeBridgeProtocols.h */; settings = {ATTRIBUTES = (Public, ); }; };
		059057A5172741F1B2FAFEDC /* ElectrodeBridgeTransceiver.h in Headers */ = {isa = PBXBuildFile; fileRef = E6650E89999148C98ABE8459 /* ElectrodeBridgeTransceiver.h */; };
		0AAC2F51207B47738813B083 /* RequestHandlerProvider.swift in Sources */ = {isa = PBXBuildFile; fileRef = FF9FB5B07B9C4DCEA4B48A55 /* RequestHandlerProvider.swift */; };
		0E5A8E4CB10B4AA68A18210B /* ENMiniAppDataProvider.swift in Headers */ = {isa = PBXBuildFile; fileRef = 9312DE5EF4634F199096E8EE /* ENMiniAppDataProvider.swift */; settings = {ATTRIBUTES = (Public, ); }; };
		151F13E2F1004C56A3474265 /* ElectrodeBridgeTransaction.m in Sources */ = {isa = PBXBuildFile; fileRef = 508D77B45FB44BA68D490E2C /* ElectrodeBridgeTransaction.m */; };
		15CC391504614511B59E48AF /* NavigationBarButton.swift in Sources */ = {isa = PBXBuildFile; fileRef = 15E9ED871DBB4DDAB01A29E2 /* NavigationBarButton.swift */; };
		1678B8197634438C91EA8AA7 /* ShoppingListMiniappNavigationController.swift in Sources */ = {isa = PBXBuildFile; fileRef = 670707866997499CA9D28926 /* ShoppingListMiniappNavigationController.swift */; };
		1BDD888053674B1696BA5EB0 /* ElectrodeRequestHandlerProcessor.swift in Sources */ = {isa = PBXBuildFile; fileRef = 875E6DC1272142B59A6D97A9 /* ElectrodeRequestHandlerProcessor.swift */; };
		1FEB087825344B00A0B83F7F /* NavigationBar.swift in Headers */ = {isa = PBXBuildFile; fileRef = 91089A08459241C09F0DBCDA /* NavigationBar.swift */; settings = {ATTRIBUTES = (Public, ); }; };
		208D5379BF3F42579CF96915 /* EnNavigationEvents.swift in Sources */ = {isa = PBXBuildFile; fileRef = 144E3F7910F6407ABE5AF124 /* EnNavigationEvents.swift */; };
		20FAA840102F4CBC82ADDB70 /* ElectrodeEventDispatcher.h in Headers */ = {isa = PBXBuildFile; fileRef = 27D7CE956D464CBD92258597 /* ElectrodeEventDispatcher.h */; };
		2118F2452A85496A9FF7C5BA /* ElectrodeRequestProcessor.swift in Sources */ = {isa = PBXBuildFile; fileRef = AFADBF204DB64ABA8359171E /* ElectrodeRequestProcessor.swift */; };
		223A89461E89CDC70092741E /* MiniApp.jsbundle in Resources */ = {isa = PBXBuildFile; fileRef = 223A89451E89CDC70092741E /* MiniApp.jsbundle */; };
		22BF1FEB1E8DAAF800E7F500 /* assets in Resources */ = {isa = PBXBuildFile; fileRef = 22BF1FEA1E8DAAF800E7F500 /* assets */; };
		2321380213A3475598D42280 /* Processor.swift in Sources */ = {isa = PBXBuildFile; fileRef = B3B1EA6E0C4E43408A682657 /* Processor.swift */; };
		26D2EE548BDF43919A880219 /* NavigationBarLeftButton.swift in Sources */ = {isa = PBXBuildFile; fileRef = 907DFBDF585C456DB3AA5D94 /* NavigationBarLeftButton.swift */; };
		2EE65C3DCED44D7888E5D5B2 /* EnNavigationApiRequestHandlerProvider.swift in Sources */ = {isa = PBXBuildFile; fileRef = 5460C7428FB04AE38826CE42 /* EnNavigationApiRequestHandlerProvider.swift */; };
		2EEC1199339AE7E9CC36287B /* libPods-ElectrodeContainer.a in Frameworks */ = {isa = PBXBuildFile; fileRef = 64CB6B4AD9F630CB9FD65ED2 /* libPods-ElectrodeContainer.a */; };
		301CB9021F33F3450048C58B /* NSBundle+frameworkBundle.m in Sources */ = {isa = PBXBuildFile; fileRef = 301CB9001F33F3450048C58B /* NSBundle+frameworkBundle.m */; };
		301CB9031F33F3450048C58B /* NSBundle+frameworkBundle.h in Headers */ = {isa = PBXBuildFile; fileRef = 301CB9011F33F3450048C58B /* NSBundle+frameworkBundle.h */; };
		304000E82098E1F000BF751C /* ElectrodePluginConfig.h in Headers */ = {isa = PBXBuildFile; fileRef = 304000E72098E1F000BF751C /* ElectrodePluginConfig.h */; settings = {ATTRIBUTES = (Public, ); }; };
		306A27480C0842E5AC34B354 /* RequestHandlerConfig.swift in Sources */ = {isa = PBXBuildFile; fileRef = D94904C5BDFF4C7FA6D7099C /* RequestHandlerConfig.swift */; };
		30F8CDEE1E67946E00413247 /* ElectrodeReactNative_Internal.h in Headers */ = {isa = PBXBuildFile; fileRef = 30F8CDED1E67946E00413247 /* ElectrodeReactNative_Internal.h */; };
		333F1CFDDE7D46288B09CD83 /* EnNavigationRequests.swift in Sources */ = {isa = PBXBuildFile; fileRef = 26A3A5B3C65244B1B5995BB4 /* EnNavigationRequests.swift */; };
		34B2574FC49441CF8B40B9A8 /* ElectrodeBridgeMessage.h in Headers */ = {isa = PBXBuildFile; fileRef = C92467F647EA4B1E81AF906D /* ElectrodeBridgeMessage.h */; settings = {ATTRIBUTES = (Public, ); }; };
		3622DA18B0184FA8ABE1E7E4 /* ElectrodeBridgeHolder.m in Sources */ = {isa = PBXBuildFile; fileRef = 0F37AFE212D841B6BC80AEA3 /* ElectrodeBridgeHolder.m */; };
		3C033A2DBED3428B8CFFF0A5 /* ElectrodeBridgeProtocols.m in Sources */ = {isa = PBXBuildFile; fileRef = 7BBF2FAE37D44ADFA85DCCFB /* ElectrodeBridgeProtocols.m */; };
		3CB03F02F77042BFA57EA268 /* ElectrodeRequestRegistrar.m in Sources */ = {isa = PBXBuildFile; fileRef = 68727BB3A9E2457F9E21C24D /* ElectrodeRequestRegistrar.m */; };
		42EEBF20A5A64B088BD326AB /* MiniAppsConfig.swift in Sources */ = {isa = PBXBuildFile; fileRef = 7EF6A849F5284D0190FDA7B7 /* MiniAppsConfig.swift */; };
		469CA25B0F844F9B869E87AB /* ErnNavRoute.swift in Headers */ = {isa = PBXBuildFile; fileRef = 280415EB726D43BD9560FBA5 /* ErnNavRoute.swift */; settings = {ATTRIBUTES = (Public, ); }; };
		485009ED1E2FF23C009B6610 /* ElectrodeContainer.framework in Frameworks */ = {isa = PBXBuildFile; fileRef = 485009E31E2FF23B009B6610 /* ElectrodeContainer.framework */; };
		485009F41E2FF23C009B6610 /* ElectrodeContainer.h in Headers */ = {isa = PBXBuildFile; fileRef = 485009E61E2FF23B009B6610 /* ElectrodeContainer.h */; settings = {ATTRIBUTES = (Public, ); }; };
		48500A981E2FF55B009B6610 /* ElectrodeReactNative.h in Headers */ = {isa = PBXBuildFile; fileRef = 48500A961E2FF55B009B6610 /* ElectrodeReactNative.h */; settings = {ATTRIBUTES = (Public, ); }; };
		48500A991E2FF55B009B6610 /* ElectrodeReactNative.m in Sources */ = {isa = PBXBuildFile; fileRef = 48500A971E2FF55B009B6610 /* ElectrodeReactNative.m */; };
		497F5AD0E79A4E87BC6BBBDA /* EnNavigationApiController.swift in Sources */ = {isa = PBXBuildFile; fileRef = 189788C016AA4C408F685E49 /* EnNavigationApiController.swift */; };
		4A32B2737D7349B2BF24454B /* ElectrodeBridgeEvent.m in Sources */ = {isa = PBXBuildFile; fileRef = D995C437E16B4E5295FBE4EC /* ElectrodeBridgeEvent.m */; };
		562FD40B61294BA99D6443DB /* EnNavigationRequests.swift in Headers */ = {isa = PBXBuildFile; fileRef = 26A3A5B3C65244B1B5995BB4 /* EnNavigationRequests.swift */; settings = {ATTRIBUTES = (Public, ); }; };
		5C3920B562924762AF5620A8 /* ElectrodeBridgeEvent.h in Headers */ = {isa = PBXBuildFile; fileRef = 391CB03C069B46FCAE3D39E9 /* ElectrodeBridgeEvent.h */; settings = {ATTRIBUTES = (Public, ); }; };
		5E43D986107B455F85419C8E /* NavEventData.swift in Headers */ = {isa = PBXBuildFile; fileRef = 63E0893CA05D4BAD99910432 /* NavEventData.swift */; settings = {ATTRIBUTES = (Public, ); }; };
		611835B246124B79A0F7AD47 /* ENCoreDelegate.swift in Headers */ = {isa = PBXBuildFile; fileRef = 517B4D1FD33D4A9BAD128DBA /* ENCoreDelegate.swift */; settings = {ATTRIBUTES = (Public, ); }; };
		65815FEB57A040B6AB0BA2A3 /* ElectrodeBridgeRequest.m in Sources */ = {isa = PBXBuildFile; fileRef = A702DDEB957B490DAC67C716 /* ElectrodeBridgeRequest.m */; };
		66D34C7D7139475EAD3691AD /* EnNavigationAPI.swift in Headers */ = {isa = PBXBuildFile; fileRef = 0ADD6438DC0F47BC8DBD7982 /* EnNavigationAPI.swift */; settings = {ATTRIBUTES = (Public, ); }; };
		691D9EEACCF24CC99A167B0D /* ElectrodeLogger.m in Sources */ = {isa = PBXBuildFile; fileRef = F73C4759150A4CC8BB4E0C57 /* ElectrodeLogger.m */; };
		6B42A7E76ED54247A11C8D00 /* ENCoreDelegate.swift in Sources */ = {isa = PBXBuildFile; fileRef = 517B4D1FD33D4A9BAD128DBA /* ENCoreDelegate.swift */; };
		6B5B7A6BADFE4D998DF9EA2F /* ElectrodeBridgeHolder.h in Headers */ = {isa = PBXBuildFile; fileRef = 56655890E08F4689803B7013 /* ElectrodeBridgeHolder.h */; settings = {ATTRIBUTES = (Public, ); }; };
		6E8045DA671B4F89A01B11A3 /* EnNavigationEvents.swift in Headers */ = {isa = PBXBuildFile; fileRef = 144E3F7910F6407ABE5AF124 /* EnNavigationEvents.swift */; settings = {ATTRIBUTES = (Public, ); }; };
		728F139EFC384665B607AA22 /* ElectrodeUtilities.swift in Sources */ = {isa = PBXBuildFile; fileRef = 09439E48FFC04546ADBB0811 /* ElectrodeUtilities.swift */; };
		765328DDFC244DF78CE85FA2 /* ElectrodeBridgeFailureMessage.h in Headers */ = {isa = PBXBuildFile; fileRef = 175EA36F8094406999417BEC /* ElectrodeBridgeFailureMessage.h */; settings = {ATTRIBUTES = (Public, ); }; };
		77F4124BA8D540288A91890F /* ElectrodeBridgeResponse.m in Sources */ = {isa = PBXBuildFile; fileRef = 4E6DADAEAED94C02882D32A7 /* ElectrodeBridgeResponse.m */; };
		7BA67F62982C48438B1C9221 /* NavigationBar.swift in Sources */ = {isa = PBXBuildFile; fileRef = 91089A08459241C09F0DBCDA /* NavigationBar.swift */; };
		7D8F7A647AA44AB78AA18492 /* ElectrodeRequestDispatcher.m in Sources */ = {isa = PBXBuildFile; fileRef = 40E4679B36C840EAA7E946B4 /* ElectrodeRequestDispatcher.m */; };
		7EE889A5E14D4C3294A1E88C /* ElectrodeBridgeRequest.h in Headers */ = {isa = PBXBuildFile; fileRef = DBC3C2C19BA9498BAECE71A7 /* ElectrodeBridgeRequest.h */; settings = {ATTRIBUTES = (Public, ); }; };
		8053113D9DFF4211A0EF6089 /* ElectrodeEventDispatcher.m in Sources */ = {isa = PBXBuildFile; fileRef = 7F98BB2FBF9B45E89E7F39D6 /* ElectrodeEventDispatcher.m */; };
		8E5824D3579E45EE9CF7B547 /* ENMiniAppDataProvider.swift in Sources */ = {isa = PBXBuildFile; fileRef = 9312DE5EF4634F199096E8EE /* ENMiniAppDataProvider.swift */; };
		956A6CA844C54E6CA59CCA93 /* MiniAppNavViewController.swift in Sources */ = {isa = PBXBuildFile; fileRef = B49C8E99E00047AD91A0C466 /* MiniAppNavViewController.swift */; };
		968333D71E54E3470031C565 /* ElectrodeBridgeDelegate.h in Headers */ = {isa = PBXBuildFile; fileRef = 968333D51E54E3470031C565 /* ElectrodeBridgeDelegate.h */; };
		968333D81E54E3470031C565 /* ElectrodeBridgeDelegate.m in Sources */ = {isa = PBXBuildFile; fileRef = 968333D61E54E3470031C565 /* ElectrodeBridgeDelegate.m */; };
		97CE16C3D43D4A0B84FF7353 /* ENNavigationDelegate.swift in Sources */ = {isa = PBXBuildFile; fileRef = 4927B9B11F7045B6A54A724C /* ENNavigationDelegate.swift */; };
		9993EE70D49E430DB299E251 /* ENBaseNavigationController.swift in Sources */ = {isa = PBXBuildFile; fileRef = 329C3EAA3ED64081AF98BE21 /* ENBaseNavigationController.swift */; };
		9C9DD02BAE194ABEB9D09447 /* ElectrodeBridgeMessage.m in Sources */ = {isa = PBXBuildFile; fileRef = C9A4FB450FEC4B49881FF9AB /* ElectrodeBridgeMessage.m */; };
		9DA54089517544FC86FD3F2E /* ElectrodeBridgeFailureMessage.m in Sources */ = {isa = PBXBuildFile; fileRef = 9D43D7D3145040EABFA4F1D3 /* ElectrodeBridgeFailureMessage.m */; };
		9E043BCE1BF8410B8C9A4837 /* ENBarButtonItem.swift in Sources */ = {isa = PBXBuildFile; fileRef = 6A67590057E549C3AA4D364B /* ENBarButtonItem.swift */; };
		A067D97DDD3F4E57BFDC96E1 /* ElectrodeBridgeTransceiver.m in Sources */ = {isa = PBXBuildFile; fileRef = C65A2B5BD3B04339A7163555 /* ElectrodeBridgeTransceiver.m */; };
		A54148532C8D4BFB8B0F0CFB /* ENNavigationUtils.swift in Sources */ = {isa = PBXBuildFile; fileRef = 683248BB8EAC40088517DD2E /* ENNavigationUtils.swift */; };
		A9D80BFAA0744CFEB53EF693 /* Bridgeable.swift in Sources */ = {isa = PBXBuildFile; fileRef = 8D719CA2956F470DA8208450 /* Bridgeable.swift */; };
		A9F1FD1A5D2A4908AC9250DF /* NavigationBarLeftButton.swift in Headers */ = {isa = PBXBuildFile; fileRef = 907DFBDF585C456DB3AA5D94 /* NavigationBarLeftButton.swift */; settings = {ATTRIBUTES = (Public, ); }; };
		AB532511C62E40E9B838AEB9 /* ElectrodeObject.swift in Sources */ = {isa = PBXBuildFile; fileRef = A2C0143E50D44782A6DA2058 /* ElectrodeObject.swift */; };
		AEF86B03BAEA463B8C3B81E1 /* ShoppingProductMiniappNavigationController.swift in Sources */ = {isa = PBXBuildFile; fileRef = 6E40FE94740740598FC6CBB7 /* ShoppingProductMiniappNavigationController.swift */; };
		B43F7628804549F6948076D7 /* EventListenerProcessor.swift in Sources */ = {isa = PBXBuildFile; fileRef = B83C3BD9D69F46EFBEF2625B /* EventListenerProcessor.swift */; };
		B719FEE1EAA9441581BAB62B /* EventProcessor.swift in Sources */ = {isa = PBXBuildFile; fileRef = F19C0BAD10CB48BFB3410DD7 /* EventProcessor.swift */; };
		BE1A2EBACD7341B58631B54A /* ElectrodeReactNativeBridge.h in Headers */ = {isa = PBXBuildFile; fileRef = 495E7AE411F841609F85FBCA /* ElectrodeReactNativeBridge.h */; };
		C120770BC67B4668B48F0D4D /* ENMiniAppNavDataProvider.swift in Sources */ = {isa = PBXBuildFile; fileRef = FF9CFD592A5548AA821E0C7E /* ENMiniAppNavDataProvider.swift */; };
		C18B76E30D5048EDA3531400 /* ElectrodeLogger.h in Headers */ = {isa = PBXBuildFile; fileRef = FB480DA369064092BE582A73 /* ElectrodeLogger.h */; settings = {ATTRIBUTES = (Public, ); }; };
		C8E588808F284A3BA4197AD4 /* ElectrodeBridgeTransaction.h in Headers */ = {isa = PBXBuildFile; fileRef = 49408439F1FB43C591B1936D /* ElectrodeBridgeTransaction.h */; };
		C966FBA020AD4883859B41DD /* NavigationBarButton.swift in Headers */ = {isa = PBXBuildFile; fileRef = 15E9ED871DBB4DDAB01A29E2 /* NavigationBarButton.swift */; settings = {ATTRIBUTES = (Public, ); }; };
		CB6E30C70F274D95AE32C29B /* ElectrodeRequestDispatcher.h in Headers */ = {isa = PBXBuildFile; fileRef = 244CA1E75E6443B59FAF0AD4 /* ElectrodeRequestDispatcher.h */; };
		D93986FCF63E496EB314C2EC /* NavEventData.swift in Sources */ = {isa = PBXBuildFile; fileRef = 63E0893CA05D4BAD99910432 /* NavEventData.swift */; };
		DA42DF5D233C1B0500046338 /* ElectrodeBundle.m in Sources */ = {isa = PBXBuildFile; fileRef = DA42DF59233C1B0500046338 /* ElectrodeBundle.m */; };
		DA42DF5E233C1B0500046338 /* ERNDevSettingsViewController.m in Sources */ = {isa = PBXBuildFile; fileRef = DA42DF5A233C1B0500046338 /* ERNDevSettingsViewController.m */; };
		DA42DF5F233C1B0500046338 /* ElectrodeBundle.h in Headers */ = {isa = PBXBuildFile; fileRef = DA42DF5B233C1B0500046338 /* ElectrodeBundle.h */; };
		DA42DF60233C1B0500046338 /* ERNDevSettingsViewController.h in Headers */ = {isa = PBXBuildFile; fileRef = DA42DF5C233C1B0500046338 /* ERNDevSettingsViewController.h */; };
		E1200F3544434A53BDCDA72D /* ErnNavRoute.swift in Sources */ = {isa = PBXBuildFile; fileRef = 280415EB726D43BD9560FBA5 /* ErnNavRoute.swift */; };
		E1257F25458349AB8424C8D8 /* ElectrodeEventRegistrar.m in Sources */ = {isa = PBXBuildFile; fileRef = 6CE1CC9CA64340DAA737B9F1 /* ElectrodeEventRegistrar.m */; };
		E32C2C73C36E480D908A373C /* ENNavigationBarState.swift in Sources */ = {isa = PBXBuildFile; fileRef = 24151BA8B5C34C678C18EB31 /* ENNavigationBarState.swift */; };
		E540ECB3AA014E5585CF0B7E /* None.swift in Sources */ = {isa = PBXBuildFile; fileRef = 252D96C2BA6B406696872020 /* None.swift */; };
		ECBD51B83CAE45E18411202D /* ENNavigationAPIImpl.swift in Sources */ = {isa = PBXBuildFile; fileRef = 46B4CFDBF2884FB280198754 /* ENNavigationAPIImpl.swift */; };
		EE95798919234580BDE7A88C /* ElectrodeRequestRegistrar.h in Headers */ = {isa = PBXBuildFile; fileRef = D509339E5DF149E9A38F3AB8 /* ElectrodeRequestRegistrar.h */; };
		F19306751E334BC58165CA0A /* ElectrodeBridgeResponse.h in Headers */ = {isa = PBXBuildFile; fileRef = DF31226427074CAD8760F6B1 /* ElectrodeBridgeResponse.h */; };
		F9EFDE4067BC4345BF9C0D2E /* ENOverlayProtocol.swift in Sources */ = {isa = PBXBuildFile; fileRef = 518979F21E4F426EB7390C51 /* ENOverlayProtocol.swift */; };
		FB321FC910BA4D2CA221C64B /* EnNavigationApiRequestHandlerDelegate.swift in Sources */ = {isa = PBXBuildFile; fileRef = 80AECF96A7EC414686C9AA76 /* EnNavigationApiRequestHandlerDelegate.swift */; };
		FDD21DF47712459187B6410D /* EnNavigationAPI.swift in Sources */ = {isa = PBXBuildFile; fileRef = 0ADD6438DC0F47BC8DBD7982 /* EnNavigationAPI.swift */; };
		FEE9AC417DA940B88B323A96 /* ElectrodeBridgeTransceiver_Internal.h in Headers */ = {isa = PBXBuildFile; fileRef = 756396E7452C4CDC9EFE7DBD /* ElectrodeBridgeTransceiver_Internal.h */; };
/* End PBXBuildFile section */

/* Begin PBXContainerItemProxy section */
		485009EE1E2FF23C009B6610 /* PBXContainerItemProxy */ = {
			isa = PBXContainerItemProxy;
			containerPortal = 485009DA1E2FF23B009B6610 /* Project object */;
			proxyType = 1;
			remoteGlobalIDString = 485009E21E2FF23B009B6610;
			remoteInfo = ElectrodeContainer;
		};
/* End PBXContainerItemProxy section */

/* Begin PBXCopyFilesBuildPhase section */
		9C2FE58C23EBF1750014DB26 /* Embed Frameworks */ = {
			isa = PBXCopyFilesBuildPhase;
			buildActionMask = 2147483647;
			dstPath = "";
			dstSubfolderSpec = 10;
			files = (
			);
			name = "Embed Frameworks";
			runOnlyForDeploymentPostprocessing = 0;
		};
/* End PBXCopyFilesBuildPhase section */

/* Begin PBXFileReference section */
		09439E48FFC04546ADBB0811 /* ElectrodeUtilities.swift */ = {isa = PBXFileReference; explicitFileType = undefined; fileEncoding = 4; includeInIndex = 0; lastKnownFileType = sourcecode.swift; name = ElectrodeUtilities.swift; path = ElectrodeReactNativeBridge/ElectrodeUtilities.swift; sourceTree = "<group>"; };
		0ADD6438DC0F47BC8DBD7982 /* EnNavigationAPI.swift */ = {isa = PBXFileReference; explicitFileType = undefined; fileEncoding = 4; includeInIndex = 0; lastKnownFileType = sourcecode.swift; name = EnNavigationAPI.swift; path = APIs/EnNavigationAPI.swift; sourceTree = "<group>"; };
		0E3ABD81D7904FF898418791 /* Pods-ElectrodeContainer.debug.xcconfig */ = {isa = PBXFileReference; includeInIndex = 1; lastKnownFileType = text.xcconfig; name = "Pods-ElectrodeContainer.debug.xcconfig"; path = "Target Support Files/Pods-ElectrodeContainer/Pods-ElectrodeContainer.debug.xcconfig"; sourceTree = "<group>"; };
		0F37AFE212D841B6BC80AEA3 /* ElectrodeBridgeHolder.m */ = {isa = PBXFileReference; explicitFileType = undefined; fileEncoding = 4; includeInIndex = 0; lastKnownFileType = sourcecode.c.objc; name = ElectrodeBridgeHolder.m; path = ElectrodeReactNativeBridge/ElectrodeBridgeHolder.m; sourceTree = "<group>"; };
		144E3F7910F6407ABE5AF124 /* EnNavigationEvents.swift */ = {isa = PBXFileReference; explicitFileType = undefined; fileEncoding = 4; includeInIndex = 0; lastKnownFileType = sourcecode.swift; name = EnNavigationEvents.swift; path = APIs/EnNavigationEvents.swift; sourceTree = "<group>"; };
		15E9ED871DBB4DDAB01A29E2 /* NavigationBarButton.swift */ = {isa = PBXFileReference; explicitFileType = undefined; fileEncoding = 4; includeInIndex = 0; lastKnownFileType = sourcecode.swift; name = NavigationBarButton.swift; path = APIs/NavigationBarButton.swift; sourceTree = "<group>"; };
		175EA36F8094406999417BEC /* ElectrodeBridgeFailureMessage.h */ = {isa = PBXFileReference; explicitFileType = undefined; fileEncoding = 4; includeInIndex = 0; lastKnownFileType = sourcecode.c.h; name = ElectrodeBridgeFailureMessage.h; path = ElectrodeReactNativeBridge/ElectrodeBridgeFailureMessage.h; sourceTree = "<group>"; };
		189788C016AA4C408F685E49 /* EnNavigationApiController.swift */ = {isa = PBXFileReference; explicitFileType = undefined; fileEncoding = 4; includeInIndex = 0; lastKnownFileType = sourcecode.swift; name = EnNavigationApiController.swift; path = APIImpls/EnNavigationApiController.swift; sourceTree = "<group>"; };
		223A89451E89CDC70092741E /* MiniApp.jsbundle */ = {isa = PBXFileReference; fileEncoding = 4; lastKnownFileType = text; path = MiniApp.jsbundle; sourceTree = "<group>"; };
		2265A4A11EB26943007D6C3D /* Info.plist */ = {isa = PBXFileReference; fileEncoding = 4; lastKnownFileType = text.plist.xml; path = Info.plist; sourceTree = "<group>"; };
		22BF1FEA1E8DAAF800E7F500 /* assets */ = {isa = PBXFileReference; lastKnownFileType = folder; path = assets; sourceTree = "<group>"; };
		22CB683D20C9C46A0031A349 /* Project-QADeployment.xcconfig */ = {isa = PBXFileReference; fileEncoding = 4; lastKnownFileType = text.xcconfig; path = "Project-QADeployment.xcconfig"; sourceTree = "<group>"; };
		22CB683E20C9C46A0031A349 /* Project-Release.xcconfig */ = {isa = PBXFileReference; fileEncoding = 4; lastKnownFileType = text.xcconfig; path = "Project-Release.xcconfig"; sourceTree = "<group>"; };
		22CB684020C9C46A0031A349 /* ElectrodeContainer-QADeployment.xcconfig */ = {isa = PBXFileReference; fileEncoding = 4; lastKnownFileType = text.xcconfig; path = "ElectrodeContainer-QADeployment.xcconfig"; sourceTree = "<group>"; };
		22CB684120C9C46A0031A349 /* ElectrodeContainer-Debug.xcconfig */ = {isa = PBXFileReference; fileEncoding = 4; lastKnownFileType = text.xcconfig; path = "ElectrodeContainer-Debug.xcconfig"; sourceTree = "<group>"; };
		22CB684220C9C46A0031A349 /* ElectrodeContainer-Release.xcconfig */ = {isa = PBXFileReference; fileEncoding = 4; lastKnownFileType = text.xcconfig; path = "ElectrodeContainer-Release.xcconfig"; sourceTree = "<group>"; };
		22CB684420C9C46A0031A349 /* ElectrodeContainerTests-Release.xcconfig */ = {isa = PBXFileReference; fileEncoding = 4; lastKnownFileType = text.xcconfig; path = "ElectrodeContainerTests-Release.xcconfig"; sourceTree = "<group>"; };
		22CB684620C9C46A0031A349 /* ElectrodeContainerTests-QADeployment.xcconfig */ = {isa = PBXFileReference; fileEncoding = 4; lastKnownFileType = text.xcconfig; path = "ElectrodeContainerTests-QADeployment.xcconfig"; sourceTree = "<group>"; };
		22CB684720C9C46A0031A349 /* Project-Debug.xcconfig */ = {isa = PBXFileReference; fileEncoding = 4; lastKnownFileType = text.xcconfig; path = "Project-Debug.xcconfig"; sourceTree = "<group>"; };
		22CB684820C9C46B0031A349 /* ElectrodeContainerTests-Debug.xcconfig */ = {isa = PBXFileReference; fileEncoding = 4; lastKnownFileType = text.xcconfig; path = "ElectrodeContainerTests-Debug.xcconfig"; sourceTree = "<group>"; };
		24151BA8B5C34C678C18EB31 /* ENNavigationBarState.swift */ = {isa = PBXFileReference; explicitFileType = undefined; fileEncoding = 4; includeInIndex = 0; lastKnownFileType = sourcecode.swift; name = ENNavigationBarState.swift; path = APIImpls/ENNavigationBarState.swift; sourceTree = "<group>"; };
		244CA1E75E6443B59FAF0AD4 /* ElectrodeRequestDispatcher.h */ = {isa = PBXFileReference; explicitFileType = undefined; fileEncoding = 4; includeInIndex = 0; lastKnownFileType = sourcecode.c.h; name = ElectrodeRequestDispatcher.h; path = ElectrodeReactNativeBridge/ElectrodeRequestDispatcher.h; sourceTree = "<group>"; };
		252D96C2BA6B406696872020 /* None.swift */ = {isa = PBXFileReference; explicitFileType = undefined; fileEncoding = 4; includeInIndex = 0; lastKnownFileType = sourcecode.swift; name = None.swift; path = ElectrodeReactNativeBridge/None.swift; sourceTree = "<group>"; };
		26A3A5B3C65244B1B5995BB4 /* EnNavigationRequests.swift */ = {isa = PBXFileReference; explicitFileType = undefined; fileEncoding = 4; includeInIndex = 0; lastKnownFileType = sourcecode.swift; name = EnNavigationRequests.swift; path = APIs/EnNavigationRequests.swift; sourceTree = "<group>"; };
		27D7CE956D464CBD92258597 /* ElectrodeEventDispatcher.h */ = {isa = PBXFileReference; explicitFileType = undefined; fileEncoding = 4; includeInIndex = 0; lastKnownFileType = sourcecode.c.h; name = ElectrodeEventDispatcher.h; path = ElectrodeReactNativeBridge/ElectrodeEventDispatcher.h; sourceTree = "<group>"; };
		280415EB726D43BD9560FBA5 /* ErnNavRoute.swift */ = {isa = PBXFileReference; explicitFileType = undefined; fileEncoding = 4; includeInIndex = 0; lastKnownFileType = sourcecode.swift; name = ErnNavRoute.swift; path = APIs/ErnNavRoute.swift; sourceTree = "<group>"; };
		301CB9001F33F3450048C58B /* NSBundle+frameworkBundle.m */ = {isa = PBXFileReference; fileEncoding = 4; lastKnownFileType = sourcecode.c.objc; path = "NSBundle+frameworkBundle.m"; sourceTree = "<group>"; };
		301CB9011F33F3450048C58B /* NSBundle+frameworkBundle.h */ = {isa = PBXFileReference; fileEncoding = 4; lastKnownFileType = sourcecode.c.h; path = "NSBundle+frameworkBundle.h"; sourceTree = "<group>"; };
		304000E72098E1F000BF751C /* ElectrodePluginConfig.h */ = {isa = PBXFileReference; lastKnownFileType = sourcecode.c.h; path = ElectrodePluginConfig.h; sourceTree = "<group>"; };
		30F8CDED1E67946E00413247 /* ElectrodeReactNative_Internal.h */ = {isa = PBXFileReference; fileEncoding = 4; lastKnownFileType = sourcecode.c.h; path = ElectrodeReactNative_Internal.h; sourceTree = "<group>"; };
		329C3EAA3ED64081AF98BE21 /* ENBaseNavigationController.swift */ = {isa = PBXFileReference; explicitFileType = undefined; fileEncoding = 4; includeInIndex = 0; lastKnownFileType = sourcecode.swift; name = ENBaseNavigationController.swift; path = APIImpls/ENBaseNavigationController.swift; sourceTree = "<group>"; };
		391CB03C069B46FCAE3D39E9 /* ElectrodeBridgeEvent.h */ = {isa = PBXFileReference; explicitFileType = undefined; fileEncoding = 4; includeInIndex = 0; lastKnownFileType = sourcecode.c.h; name = ElectrodeBridgeEvent.h; path = ElectrodeReactNativeBridge/ElectrodeBridgeEvent.h; sourceTree = "<group>"; };
		40E4679B36C840EAA7E946B4 /* ElectrodeRequestDispatcher.m */ = {isa = PBXFileReference; explicitFileType = undefined; fileEncoding = 4; includeInIndex = 0; lastKnownFileType = sourcecode.c.objc; name = ElectrodeRequestDispatcher.m; path = ElectrodeReactNativeBridge/ElectrodeRequestDispatcher.m; sourceTree = "<group>"; };
		46B4CFDBF2884FB280198754 /* ENNavigationAPIImpl.swift */ = {isa = PBXFileReference; explicitFileType = undefined; fileEncoding = 4; includeInIndex = 0; lastKnownFileType = sourcecode.swift; name = ENNavigationAPIImpl.swift; path = APIImpls/ENNavigationAPIImpl.swift; sourceTree = "<group>"; };
		485009E31E2FF23B009B6610 /* ElectrodeContainer.framework */ = {isa = PBXFileReference; explicitFileType = wrapper.framework; includeInIndex = 0; path = ElectrodeContainer.framework; sourceTree = BUILT_PRODUCTS_DIR; };
		485009E61E2FF23B009B6610 /* ElectrodeContainer.h */ = {isa = PBXFileReference; lastKnownFileType = sourcecode.c.h; path = ElectrodeContainer.h; sourceTree = "<group>"; };
		485009EC1E2FF23C009B6610 /* ElectrodeContainerTests.xctest */ = {isa = PBXFileReference; explicitFileType = wrapper.cfbundle; includeInIndex = 0; path = ElectrodeContainerTests.xctest; sourceTree = BUILT_PRODUCTS_DIR; };
		485009F31E2FF23C009B6610 /* Info.plist */ = {isa = PBXFileReference; lastKnownFileType = text.plist.xml; path = Info.plist; sourceTree = "<group>"; };
		48500A961E2FF55B009B6610 /* ElectrodeReactNative.h */ = {isa = PBXFileReference; fileEncoding = 4; lastKnownFileType = sourcecode.c.h; path = ElectrodeReactNative.h; sourceTree = "<group>"; };
		48500A971E2FF55B009B6610 /* ElectrodeReactNative.m */ = {isa = PBXFileReference; fileEncoding = 4; lastKnownFileType = sourcecode.c.objc; path = ElectrodeReactNative.m; sourceTree = "<group>"; wrapsLines = 0; };
		4927B9B11F7045B6A54A724C /* ENNavigationDelegate.swift */ = {isa = PBXFileReference; explicitFileType = undefined; fileEncoding = 4; includeInIndex = 0; lastKnownFileType = sourcecode.swift; name = ENNavigationDelegate.swift; path = APIImpls/ENNavigationDelegate.swift; sourceTree = "<group>"; };
		49408439F1FB43C591B1936D /* ElectrodeBridgeTransaction.h */ = {isa = PBXFileReference; explicitFileType = undefined; fileEncoding = 4; includeInIndex = 0; lastKnownFileType = sourcecode.c.h; name = ElectrodeBridgeTransaction.h; path = ElectrodeReactNativeBridge/ElectrodeBridgeTransaction.h; sourceTree = "<group>"; };
		495E7AE411F841609F85FBCA /* ElectrodeReactNativeBridge.h */ = {isa = PBXFileReference; explicitFileType = undefined; fileEncoding = 4; includeInIndex = 0; lastKnownFileType = sourcecode.c.h; name = ElectrodeReactNativeBridge.h; path = ElectrodeReactNativeBridge/ElectrodeReactNativeBridge.h; sourceTree = "<group>"; };
		4E6DADAEAED94C02882D32A7 /* ElectrodeBridgeResponse.m */ = {isa = PBXFileReference; explicitFileType = undefined; fileEncoding = 4; includeInIndex = 0; lastKnownFileType = sourcecode.c.objc; name = ElectrodeBridgeResponse.m; path = ElectrodeReactNativeBridge/ElectrodeBridgeResponse.m; sourceTree = "<group>"; };
		508D77B45FB44BA68D490E2C /* ElectrodeBridgeTransaction.m */ = {isa = PBXFileReference; explicitFileType = undefined; fileEncoding = 4; includeInIndex = 0; lastKnownFileType = sourcecode.c.objc; name = ElectrodeBridgeTransaction.m; path = ElectrodeReactNativeBridge/ElectrodeBridgeTransaction.m; sourceTree = "<group>"; };
		517B4D1FD33D4A9BAD128DBA /* ENCoreDelegate.swift */ = {isa = PBXFileReference; explicitFileType = undefined; fileEncoding = 4; includeInIndex = 0; lastKnownFileType = sourcecode.swift; name = ENCoreDelegate.swift; path = APIImpls/ENCoreDelegate.swift; sourceTree = "<group>"; };
		518979F21E4F426EB7390C51 /* ENOverlayProtocol.swift */ = {isa = PBXFileReference; explicitFileType = undefined; fileEncoding = 4; includeInIndex = 0; lastKnownFileType = sourcecode.swift; name = ENOverlayProtocol.swift; path = APIImpls/ENOverlayProtocol.swift; sourceTree = "<group>"; };
		53199BDD298835A037394AEB /* Pods-ElectrodeContainer.release.xcconfig */ = {isa = PBXFileReference; includeInIndex = 1; lastKnownFileType = text.xcconfig; name = "Pods-ElectrodeContainer.release.xcconfig"; path = "Target Support Files/Pods-ElectrodeContainer/Pods-ElectrodeContainer.release.xcconfig"; sourceTree = "<group>"; };
		5460C7428FB04AE38826CE42 /* EnNavigationApiRequestHandlerProvider.swift */ = {isa = PBXFileReference; explicitFileType = undefined; fileEncoding = 4; includeInIndex = 0; lastKnownFileType = sourcecode.swift; name = EnNavigationApiRequestHandlerProvider.swift; path = APIImpls/EnNavigationApiRequestHandlerProvider.swift; sourceTree = "<group>"; };
		56655890E08F4689803B7013 /* ElectrodeBridgeHolder.h */ = {isa = PBXFileReference; explicitFileType = undefined; fileEncoding = 4; includeInIndex = 0; lastKnownFileType = sourcecode.c.h; name = ElectrodeBridgeHolder.h; path = ElectrodeReactNativeBridge/ElectrodeBridgeHolder.h; sourceTree = "<group>"; };
		63E0893CA05D4BAD99910432 /* NavEventData.swift */ = {isa = PBXFileReference; explicitFileType = undefined; fileEncoding = 4; includeInIndex = 0; lastKnownFileType = sourcecode.swift; name = NavEventData.swift; path = APIs/NavEventData.swift; sourceTree = "<group>"; };
		64CB6B4AD9F630CB9FD65ED2 /* libPods-ElectrodeContainer.a */ = {isa = PBXFileReference; explicitFileType = archive.ar; includeInIndex = 0; path = "libPods-ElectrodeContainer.a"; sourceTree = BUILT_PRODUCTS_DIR; };
		670707866997499CA9D28926 /* ShoppingListMiniappNavigationController.swift */ = {isa = PBXFileReference; explicitFileType = undefined; fileEncoding = 4; includeInIndex = 0; lastKnownFileType = sourcecode.swift; name = ShoppingListMiniappNavigationController.swift; path = MiniAppNavigationControllers/ShoppingListMiniappNavigationController.swift; sourceTree = "<group>"; };
		683248BB8EAC40088517DD2E /* ENNavigationUtils.swift */ = {isa = PBXFileReference; explicitFileType = undefined; fileEncoding = 4; includeInIndex = 0; lastKnownFileType = sourcecode.swift; name = ENNavigationUtils.swift; path = APIImpls/ENNavigationUtils.swift; sourceTree = "<group>"; };
		68727BB3A9E2457F9E21C24D /* ElectrodeRequestRegistrar.m */ = {isa = PBXFileReference; explicitFileType = undefined; fileEncoding = 4; includeInIndex = 0; lastKnownFileType = sourcecode.c.objc; name = ElectrodeRequestRegistrar.m; path = ElectrodeReactNativeBridge/ElectrodeRequestRegistrar.m; sourceTree = "<group>"; };
		6A67590057E549C3AA4D364B /* ENBarButtonItem.swift */ = {isa = PBXFileReference; explicitFileType = undefined; fileEncoding = 4; includeInIndex = 0; lastKnownFileType = sourcecode.swift; name = ENBarButtonItem.swift; path = APIImpls/ENBarButtonItem.swift; sourceTree = "<group>"; };
		6CE1CC9CA64340DAA737B9F1 /* ElectrodeEventRegistrar.m */ = {isa = PBXFileReference; explicitFileType = undefined; fileEncoding = 4; includeInIndex = 0; lastKnownFileType = sourcecode.c.objc; name = ElectrodeEventRegistrar.m; path = ElectrodeReactNativeBridge/ElectrodeEventRegistrar.m; sourceTree = "<group>"; };
		6E40FE94740740598FC6CBB7 /* ShoppingProductMiniappNavigationController.swift */ = {isa = PBXFileReference; explicitFileType = undefined; fileEncoding = 4; includeInIndex = 0; lastKnownFileType = sourcecode.swift; name = ShoppingProductMiniappNavigationController.swift; path = MiniAppNavigationControllers/ShoppingProductMiniappNavigationController.swift; sourceTree = "<group>"; };
		756396E7452C4CDC9EFE7DBD /* ElectrodeBridgeTransceiver_Internal.h */ = {isa = PBXFileReference; explicitFileType = undefined; fileEncoding = 4; includeInIndex = 0; lastKnownFileType = sourcecode.c.h; name = ElectrodeBridgeTransceiver_Internal.h; path = ElectrodeReactNativeBridge/ElectrodeBridgeTransceiver_Internal.h; sourceTree = "<group>"; };
		7BBF2FAE37D44ADFA85DCCFB /* ElectrodeBridgeProtocols.m */ = {isa = PBXFileReference; explicitFileType = undefined; fileEncoding = 4; includeInIndex = 0; lastKnownFileType = sourcecode.c.objc; name = ElectrodeBridgeProtocols.m; path = ElectrodeReactNativeBridge/ElectrodeBridgeProtocols.m; sourceTree = "<group>"; };
		7EF6A849F5284D0190FDA7B7 /* MiniAppsConfig.swift */ = {isa = PBXFileReference; explicitFileType = undefined; fileEncoding = 4; includeInIndex = 0; lastKnownFileType = sourcecode.swift; name = MiniAppsConfig.swift; path = MiniAppNavigationControllers/MiniAppsConfig.swift; sourceTree = "<group>"; };
		7F98BB2FBF9B45E89E7F39D6 /* ElectrodeEventDispatcher.m */ = {isa = PBXFileReference; explicitFileType = undefined; fileEncoding = 4; includeInIndex = 0; lastKnownFileType = sourcecode.c.objc; name = ElectrodeEventDispatcher.m; path = ElectrodeReactNativeBridge/ElectrodeEventDispatcher.m; sourceTree = "<group>"; };
		80AECF96A7EC414686C9AA76 /* EnNavigationApiRequestHandlerDelegate.swift */ = {isa = PBXFileReference; explicitFileType = undefined; fileEncoding = 4; includeInIndex = 0; lastKnownFileType = sourcecode.swift; name = EnNavigationApiRequestHandlerDelegate.swift; path = APIImpls/EnNavigationApiRequestHandlerDelegate.swift; sourceTree = "<group>"; };
		875E6DC1272142B59A6D97A9 /* ElectrodeRequestHandlerProcessor.swift */ = {isa = PBXFileReference; explicitFileType = undefined; fileEncoding = 4; includeInIndex = 0; lastKnownFileType = sourcecode.swift; name = ElectrodeRequestHandlerProcessor.swift; path = ElectrodeReactNativeBridge/ElectrodeRequestHandlerProcessor.swift; sourceTree = "<group>"; };
		8D719CA2956F470DA8208450 /* Bridgeable.swift */ = {isa = PBXFileReference; explicitFileType = undefined; fileEncoding = 4; includeInIndex = 0; lastKnownFileType = sourcecode.swift; name = Bridgeable.swift; path = ElectrodeReactNativeBridge/Bridgeable.swift; sourceTree = "<group>"; };
		907DFBDF585C456DB3AA5D94 /* NavigationBarLeftButton.swift */ = {isa = PBXFileReference; explicitFileType = undefined; fileEncoding = 4; includeInIndex = 0; lastKnownFileType = sourcecode.swift; name = NavigationBarLeftButton.swift; path = APIs/NavigationBarLeftButton.swift; sourceTree = "<group>"; };
		91089A08459241C09F0DBCDA /* NavigationBar.swift */ = {isa = PBXFileReference; explicitFileType = undefined; fileEncoding = 4; includeInIndex = 0; lastKnownFileType = sourcecode.swift; name = NavigationBar.swift; path = APIs/NavigationBar.swift; sourceTree = "<group>"; };
		9312DE5EF4634F199096E8EE /* ENMiniAppDataProvider.swift */ = {isa = PBXFileReference; explicitFileType = undefined; fileEncoding = 4; includeInIndex = 0; lastKnownFileType = sourcecode.swift; name = ENMiniAppDataProvider.swift; path = APIImpls/ENMiniAppDataProvider.swift; sourceTree = "<group>"; };
		958AE31086964C17AE7C8D6A /* ElectrodeBridgeProtocols.h */ = {isa = PBXFileReference; explicitFileType = undefined; fileEncoding = 4; includeInIndex = 0; lastKnownFileType = sourcecode.c.h; name = ElectrodeBridgeProtocols.h; path = ElectrodeReactNativeBridge/ElectrodeBridgeProtocols.h; sourceTree = "<group>"; };
		968333D51E54E3470031C565 /* ElectrodeBridgeDelegate.h */ = {isa = PBXFileReference; fileEncoding = 4; lastKnownFileType = sourcecode.c.h; path = ElectrodeBridgeDelegate.h; sourceTree = "<group>"; };
		968333D61E54E3470031C565 /* ElectrodeBridgeDelegate.m */ = {isa = PBXFileReference; fileEncoding = 4; lastKnownFileType = sourcecode.c.objc; path = ElectrodeBridgeDelegate.m; sourceTree = "<group>"; };
		9D43D7D3145040EABFA4F1D3 /* ElectrodeBridgeFailureMessage.m */ = {isa = PBXFileReference; explicitFileType = undefined; fileEncoding = 4; includeInIndex = 0; lastKnownFileType = sourcecode.c.objc; name = ElectrodeBridgeFailureMessage.m; path = ElectrodeReactNativeBridge/ElectrodeBridgeFailureMessage.m; sourceTree = "<group>"; };
		A2C0143E50D44782A6DA2058 /* ElectrodeObject.swift */ = {isa = PBXFileReference; explicitFileType = undefined; fileEncoding = 4; includeInIndex = 0; lastKnownFileType = sourcecode.swift; name = ElectrodeObject.swift; path = ElectrodeReactNativeBridge/ElectrodeObject.swift; sourceTree = "<group>"; };
		A702DDEB957B490DAC67C716 /* ElectrodeBridgeRequest.m */ = {isa = PBXFileReference; explicitFileType = undefined; fileEncoding = 4; includeInIndex = 0; lastKnownFileType = sourcecode.c.objc; name = ElectrodeBridgeRequest.m; path = ElectrodeReactNativeBridge/ElectrodeBridgeRequest.m; sourceTree = "<group>"; };
		AFADBF204DB64ABA8359171E /* ElectrodeRequestProcessor.swift */ = {isa = PBXFileReference; explicitFileType = undefined; fileEncoding = 4; includeInIndex = 0; lastKnownFileType = sourcecode.swift; name = ElectrodeRequestProcessor.swift; path = ElectrodeReactNativeBridge/ElectrodeRequestProcessor.swift; sourceTree = "<group>"; };
		B3B1EA6E0C4E43408A682657 /* Processor.swift */ = {isa = PBXFileReference; explicitFileType = undefined; fileEncoding = 4; includeInIndex = 0; lastKnownFileType = sourcecode.swift; name = Processor.swift; path = ElectrodeReactNativeBridge/Processor.swift; sourceTree = "<group>"; };
		B49C8E99E00047AD91A0C466 /* MiniAppNavViewController.swift */ = {isa = PBXFileReference; explicitFileType = undefined; fileEncoding = 4; includeInIndex = 0; lastKnownFileType = sourcecode.swift; name = MiniAppNavViewController.swift; path = APIImpls/MiniAppNavViewController.swift; sourceTree = "<group>"; };
		B83C3BD9D69F46EFBEF2625B /* EventListenerProcessor.swift */ = {isa = PBXFileReference; explicitFileType = undefined; fileEncoding = 4; includeInIndex = 0; lastKnownFileType = sourcecode.swift; name = EventListenerProcessor.swift; path = ElectrodeReactNativeBridge/EventListenerProcessor.swift; sourceTree = "<group>"; };
		B8D9E92B5BA84186B2064F84 /* ElectrodeEventRegistrar.h */ = {isa = PBXFileReference; explicitFileType = undefined; fileEncoding = 4; includeInIndex = 0; lastKnownFileType = sourcecode.c.h; name = ElectrodeEventRegistrar.h; path = ElectrodeReactNativeBridge/ElectrodeEventRegistrar.h; sourceTree = "<group>"; };
		C65A2B5BD3B04339A7163555 /* ElectrodeBridgeTransceiver.m */ = {isa = PBXFileReference; explicitFileType = undefined; fileEncoding = 4; includeInIndex = 0; lastKnownFileType = sourcecode.c.objc; name = ElectrodeBridgeTransceiver.m; path = ElectrodeReactNativeBridge/ElectrodeBridgeTransceiver.m; sourceTree = "<group>"; };
		C92467F647EA4B1E81AF906D /* ElectrodeBridgeMessage.h */ = {isa = PBXFileReference; explicitFileType = undefined; fileEncoding = 4; includeInIndex = 0; lastKnownFileType = sourcecode.c.h; name = ElectrodeBridgeMessage.h; path = ElectrodeReactNativeBridge/ElectrodeBridgeMessage.h; sourceTree = "<group>"; };
		C9A4FB450FEC4B49881FF9AB /* ElectrodeBridgeMessage.m */ = {isa = PBXFileReference; explicitFileType = undefined; fileEncoding = 4; includeInIndex = 0; lastKnownFileType = sourcecode.c.objc; name = ElectrodeBridgeMessage.m; path = ElectrodeReactNativeBridge/ElectrodeBridgeMessage.m; sourceTree = "<group>"; };
		D509339E5DF149E9A38F3AB8 /* ElectrodeRequestRegistrar.h */ = {isa = PBXFileReference; explicitFileType = undefined; fileEncoding = 4; includeInIndex = 0; lastKnownFileType = sourcecode.c.h; name = ElectrodeRequestRegistrar.h; path = ElectrodeReactNativeBridge/ElectrodeRequestRegistrar.h; sourceTree = "<group>"; };
		D94904C5BDFF4C7FA6D7099C /* RequestHandlerConfig.swift */ = {isa = PBXFileReference; explicitFileType = undefined; fileEncoding = 4; includeInIndex = 0; lastKnownFileType = sourcecode.swift; name = RequestHandlerConfig.swift; path = APIImpls/RequestHandlerConfig.swift; sourceTree = "<group>"; };
		D995C437E16B4E5295FBE4EC /* ElectrodeBridgeEvent.m */ = {isa = PBXFileReference; explicitFileType = undefined; fileEncoding = 4; includeInIndex = 0; lastKnownFileType = sourcecode.c.objc; name = ElectrodeBridgeEvent.m; path = ElectrodeReactNativeBridge/ElectrodeBridgeEvent.m; sourceTree = "<group>"; };
		DA42DF59233C1B0500046338 /* ElectrodeBundle.m */ = {isa = PBXFileReference; fileEncoding = 4; lastKnownFileType = sourcecode.c.objc; path = ElectrodeBundle.m; sourceTree = "<group>"; };
		DA42DF5A233C1B0500046338 /* ERNDevSettingsViewController.m */ = {isa = PBXFileReference; fileEncoding = 4; lastKnownFileType = sourcecode.c.objc; path = ERNDevSettingsViewController.m; sourceTree = "<group>"; };
		DA42DF5B233C1B0500046338 /* ElectrodeBundle.h */ = {isa = PBXFileReference; fileEncoding = 4; lastKnownFileType = sourcecode.c.h; path = ElectrodeBundle.h; sourceTree = "<group>"; };
		DA42DF5C233C1B0500046338 /* ERNDevSettingsViewController.h */ = {isa = PBXFileReference; fileEncoding = 4; lastKnownFileType = sourcecode.c.h; path = ERNDevSettingsViewController.h; sourceTree = "<group>"; };
		DBC3C2C19BA9498BAECE71A7 /* ElectrodeBridgeRequest.h */ = {isa = PBXFileReference; explicitFileType = undefined; fileEncoding = 4; includeInIndex = 0; lastKnownFileType = sourcecode.c.h; name = ElectrodeBridgeRequest.h; path = ElectrodeReactNativeBridge/ElectrodeBridgeRequest.h; sourceTree = "<group>"; };
		DF31226427074CAD8760F6B1 /* ElectrodeBridgeResponse.h */ = {isa = PBXFileReference; explicitFileType = undefined; fileEncoding = 4; includeInIndex = 0; lastKnownFileType = sourcecode.c.h; name = ElectrodeBridgeResponse.h; path = ElectrodeReactNativeBridge/ElectrodeBridgeResponse.h; sourceTree = "<group>"; };
		E6650E89999148C98ABE8459 /* ElectrodeBridgeTransceiver.h */ = {isa = PBXFileReference; explicitFileType = undefined; fileEncoding = 4; includeInIndex = 0; lastKnownFileType = sourcecode.c.h; name = ElectrodeBridgeTransceiver.h; path = ElectrodeReactNativeBridge/ElectrodeBridgeTransceiver.h; sourceTree = "<group>"; };
		EE8573273749659DF3AEA91B /* Pods-ElectrodeContainer.qadeployment.xcconfig */ = {isa = PBXFileReference; includeInIndex = 1; lastKnownFileType = text.xcconfig; name = "Pods-ElectrodeContainer.qadeployment.xcconfig"; path = "Target Support Files/Pods-ElectrodeContainer/Pods-ElectrodeContainer.qadeployment.xcconfig"; sourceTree = "<group>"; };
		F19C0BAD10CB48BFB3410DD7 /* EventProcessor.swift */ = {isa = PBXFileReference; explicitFileType = undefined; fileEncoding = 4; includeInIndex = 0; lastKnownFileType = sourcecode.swift; name = EventProcessor.swift; path = ElectrodeReactNativeBridge/EventProcessor.swift; sourceTree = "<group>"; };
		F73C4759150A4CC8BB4E0C57 /* ElectrodeLogger.m */ = {isa = PBXFileReference; explicitFileType = undefined; fileEncoding = 4; includeInIndex = 0; lastKnownFileType = sourcecode.c.objc; name = ElectrodeLogger.m; path = ElectrodeReactNativeBridge/ElectrodeLogger.m; sourceTree = "<group>"; };
		F75BFB1AB8614D649D9BF137 /* ENNavigationProtocol.swift */ = {isa = PBXFileReference; explicitFileType = undefined; fileEncoding = 4; includeInIndex = 0; lastKnownFileType = sourcecode.swift; name = ENNavigationProtocol.swift; path = APIImpls/ENNavigationProtocol.swift; sourceTree = "<group>"; };
		FB480DA369064092BE582A73 /* ElectrodeLogger.h */ = {isa = PBXFileReference; explicitFileType = undefined; fileEncoding = 4; includeInIndex = 0; lastKnownFileType = sourcecode.c.h; name = ElectrodeLogger.h; path = ElectrodeReactNativeBridge/ElectrodeLogger.h; sourceTree = "<group>"; };
		FF9CFD592A5548AA821E0C7E /* ENMiniAppNavDataProvider.swift */ = {isa = PBXFileReference; explicitFileType = undefined; fileEncoding = 4; includeInIndex = 0; lastKnownFileType = sourcecode.swift; name = ENMiniAppNavDataProvider.swift; path = APIImpls/ENMiniAppNavDataProvider.swift; sourceTree = "<group>"; };
		FF9FB5B07B9C4DCEA4B48A55 /* RequestHandlerProvider.swift */ = {isa = PBXFileReference; explicitFileType = undefined; fileEncoding = 4; includeInIndex = 0; lastKnownFileType = sourcecode.swift; name = RequestHandlerProvider.swift; path = APIImpls/RequestHandlerProvider.swift; sourceTree = "<group>"; };
/* End PBXFileReference section */

/* Begin PBXFrameworksBuildPhase section */
		485009DF1E2FF23B009B6610 /* Frameworks */ = {
			isa = PBXFrameworksBuildPhase;
			buildActionMask = 2147483647;
			files = (
				2EEC1199339AE7E9CC36287B /* libPods-ElectrodeContainer.a in Frameworks */,
			);
			runOnlyForDeploymentPostprocessing = 0;
		};
		485009E91E2FF23C009B6610 /* Frameworks */ = {
			isa = PBXFrameworksBuildPhase;
			buildActionMask = 2147483647;
			files = (
				485009ED1E2FF23C009B6610 /* ElectrodeContainer.framework in Frameworks */,
			);
			runOnlyForDeploymentPostprocessing = 0;
		};
/* End PBXFrameworksBuildPhase section */

/* Begin PBXGroup section */
		226325CE1E80594F00CD0B10 /* ReactNative */ = {
			isa = PBXGroup;
			children = (
			);
			name = ReactNative;
			sourceTree = "<group>";
		};
		22C096A91EA0893F00E1486A /* APIs */ = {
			isa = PBXGroup;
			children = (
				0ADD6438DC0F47BC8DBD7982 /* EnNavigationAPI.swift */,
				144E3F7910F6407ABE5AF124 /* EnNavigationEvents.swift */,
				26A3A5B3C65244B1B5995BB4 /* EnNavigationRequests.swift */,
				280415EB726D43BD9560FBA5 /* ErnNavRoute.swift */,
				63E0893CA05D4BAD99910432 /* NavEventData.swift */,
				91089A08459241C09F0DBCDA /* NavigationBar.swift */,
				15E9ED871DBB4DDAB01A29E2 /* NavigationBarButton.swift */,
				907DFBDF585C456DB3AA5D94 /* NavigationBarLeftButton.swift */,
			);
			name = APIs;
			sourceTree = "<group>";
		};
		22C096A91EA0893F00E1486B /* MiniAppNavigationControllers */ = {
			isa = PBXGroup;
			children = (
				7EF6A849F5284D0190FDA7B7 /* MiniAppsConfig.swift */,
				670707866997499CA9D28926 /* ShoppingListMiniappNavigationController.swift */,
				6E40FE94740740598FC6CBB7 /* ShoppingProductMiniappNavigationController.swift */,
			);
			name = MiniAppNavigationControllers;
			sourceTree = "<group>";
		};
		22CB67F120C9C44C0031A349 /* Config */ = {
			isa = PBXGroup;
			children = (
				22CB684120C9C46A0031A349 /* ElectrodeContainer-Debug.xcconfig */,
				22CB684020C9C46A0031A349 /* ElectrodeContainer-QADeployment.xcconfig */,
				22CB684220C9C46A0031A349 /* ElectrodeContainer-Release.xcconfig */,
				22CB684820C9C46B0031A349 /* ElectrodeContainerTests-Debug.xcconfig */,
				22CB684620C9C46A0031A349 /* ElectrodeContainerTests-QADeployment.xcconfig */,
				22CB684420C9C46A0031A349 /* ElectrodeContainerTests-Release.xcconfig */,
				22CB684720C9C46A0031A349 /* Project-Debug.xcconfig */,
				22CB683D20C9C46A0031A349 /* Project-QADeployment.xcconfig */,
				22CB683E20C9C46A0031A349 /* Project-Release.xcconfig */,
			);
			path = Config;
			sourceTree = "<group>";
		};
		22FD4D1E1E96ECBB00FC81DB /* ElectrodeReactNativeBridge */ = {
			isa = PBXGroup;
			children = (
				A2C0143E50D44782A6DA2058 /* ElectrodeObject.swift */,
				8D719CA2956F470DA8208450 /* Bridgeable.swift */,
				875E6DC1272142B59A6D97A9 /* ElectrodeRequestHandlerProcessor.swift */,
				AFADBF204DB64ABA8359171E /* ElectrodeRequestProcessor.swift */,
				09439E48FFC04546ADBB0811 /* ElectrodeUtilities.swift */,
				B83C3BD9D69F46EFBEF2625B /* EventListenerProcessor.swift */,
				F19C0BAD10CB48BFB3410DD7 /* EventProcessor.swift */,
				B3B1EA6E0C4E43408A682657 /* Processor.swift */,
				252D96C2BA6B406696872020 /* None.swift */,
				D995C437E16B4E5295FBE4EC /* ElectrodeBridgeEvent.m */,
				9D43D7D3145040EABFA4F1D3 /* ElectrodeBridgeFailureMessage.m */,
				0F37AFE212D841B6BC80AEA3 /* ElectrodeBridgeHolder.m */,
				C9A4FB450FEC4B49881FF9AB /* ElectrodeBridgeMessage.m */,
				7BBF2FAE37D44ADFA85DCCFB /* ElectrodeBridgeProtocols.m */,
				A702DDEB957B490DAC67C716 /* ElectrodeBridgeRequest.m */,
				4E6DADAEAED94C02882D32A7 /* ElectrodeBridgeResponse.m */,
				508D77B45FB44BA68D490E2C /* ElectrodeBridgeTransaction.m */,
				C65A2B5BD3B04339A7163555 /* ElectrodeBridgeTransceiver.m */,
				7F98BB2FBF9B45E89E7F39D6 /* ElectrodeEventDispatcher.m */,
				6CE1CC9CA64340DAA737B9F1 /* ElectrodeEventRegistrar.m */,
				40E4679B36C840EAA7E946B4 /* ElectrodeRequestDispatcher.m */,
				68727BB3A9E2457F9E21C24D /* ElectrodeRequestRegistrar.m */,
				F73C4759150A4CC8BB4E0C57 /* ElectrodeLogger.m */,
				391CB03C069B46FCAE3D39E9 /* ElectrodeBridgeEvent.h */,
				175EA36F8094406999417BEC /* ElectrodeBridgeFailureMessage.h */,
				56655890E08F4689803B7013 /* ElectrodeBridgeHolder.h */,
				C92467F647EA4B1E81AF906D /* ElectrodeBridgeMessage.h */,
				958AE31086964C17AE7C8D6A /* ElectrodeBridgeProtocols.h */,
				DBC3C2C19BA9498BAECE71A7 /* ElectrodeBridgeRequest.h */,
				49408439F1FB43C591B1936D /* ElectrodeBridgeTransaction.h */,
				E6650E89999148C98ABE8459 /* ElectrodeBridgeTransceiver.h */,
				756396E7452C4CDC9EFE7DBD /* ElectrodeBridgeTransceiver_Internal.h */,
				27D7CE956D464CBD92258597 /* ElectrodeEventDispatcher.h */,
				B8D9E92B5BA84186B2064F84 /* ElectrodeEventRegistrar.h */,
				244CA1E75E6443B59FAF0AD4 /* ElectrodeRequestDispatcher.h */,
				D509339E5DF149E9A38F3AB8 /* ElectrodeRequestRegistrar.h */,
				495E7AE411F841609F85FBCA /* ElectrodeReactNativeBridge.h */,
				DF31226427074CAD8760F6B1 /* ElectrodeBridgeResponse.h */,
				FB480DA369064092BE582A73 /* ElectrodeLogger.h */,
			);
			name = ElectrodeReactNativeBridge;
			sourceTree = "<group>";
		};
		2E20735BF8BCECB1B4E260CF /* Pods */ = {
			isa = PBXGroup;
			children = (
				0E3ABD81D7904FF898418791 /* Pods-ElectrodeContainer.debug.xcconfig */,
				EE8573273749659DF3AEA91B /* Pods-ElectrodeContainer.qadeployment.xcconfig */,
				53199BDD298835A037394AEB /* Pods-ElectrodeContainer.release.xcconfig */,
			);
			name = Pods;
			path = Pods;
			sourceTree = "<group>";
		};
		301CBA4B1F342FB00048C58B /* Resources */ = {
			isa = PBXGroup;
			children = (
			);
			name = Resources;
			sourceTree = "<group>";
		};
		485009D91E2FF23B009B6610 = {
			isa = PBXGroup;
			children = (
				22CB67F120C9C44C0031A349 /* Config */,
				485009E51E2FF23B009B6610 /* ElectrodeContainer */,
				485009F01E2FF23C009B6610 /* ElectrodeContainerTests */,
				485009E41E2FF23B009B6610 /* Products */,
				485009FD1E2FF25D009B6610 /* Libraries */,
				48500AA71E2FFA14009B6610 /* Frameworks */,
				2E20735BF8BCECB1B4E260CF /* Pods */,
			);
			sourceTree = "<group>";
		};
		485009E41E2FF23B009B6610 /* Products */ = {
			isa = PBXGroup;
			children = (
				485009E31E2FF23B009B6610 /* ElectrodeContainer.framework */,
				485009EC1E2FF23C009B6610 /* ElectrodeContainerTests.xctest */,
			);
			name = Products;
			sourceTree = "<group>";
		};
		485009E51E2FF23B009B6610 /* ElectrodeContainer */ = {
			isa = PBXGroup;
			children = (
				DA42DF58233C1B0500046338 /* DevAssist */,
				7F9A82FD1FB117530026F523 /* APIImpls */,
				301CBA4B1F342FB00048C58B /* Resources */,
				2265A4A11EB26943007D6C3D /* Info.plist */,
				22C096A91EA0893F00E1486A /* APIs */,
				22C096A91EA0893F00E1486B /* MiniAppNavigationControllers */,
				22FD4D1E1E96ECBB00FC81DB /* ElectrodeReactNativeBridge */,
				968333D51E54E3470031C565 /* ElectrodeBridgeDelegate.h */,
				968333D61E54E3470031C565 /* ElectrodeBridgeDelegate.m */,
				485009E61E2FF23B009B6610 /* ElectrodeContainer.h */,
				48500A961E2FF55B009B6610 /* ElectrodeReactNative.h */,
				30F8CDED1E67946E00413247 /* ElectrodeReactNative_Internal.h */,
				48500A971E2FF55B009B6610 /* ElectrodeReactNative.m */,
				301CB9011F33F3450048C58B /* NSBundle+frameworkBundle.h */,
				301CB9001F33F3450048C58B /* NSBundle+frameworkBundle.m */,
				304000E72098E1F000BF751C /* ElectrodePluginConfig.h */,
			);
			name = ElectrodeContainer;
			path = ElectrodeContainer;
			sourceTree = "<group>";
		};
		485009F01E2FF23C009B6610 /* ElectrodeContainerTests */ = {
			isa = PBXGroup;
			children = (
				485009F31E2FF23C009B6610 /* Info.plist */,
			);
			path = ElectrodeContainerTests;
			sourceTree = "<group>";
		};
		485009FD1E2FF25D009B6610 /* Libraries */ = {
			isa = PBXGroup;
			children = (
				226325CE1E80594F00CD0B10 /* ReactNative */,
				9654B8921E5CCA1D00AFF607 /* MiniApp */,
			);
			name = Libraries;
			path = ElectrodeContainer/Libraries;
			sourceTree = "<group>";
		};
		48500AA71E2FFA14009B6610 /* Frameworks */ = {
			isa = PBXGroup;
			children = (
				64CB6B4AD9F630CB9FD65ED2 /* libPods-ElectrodeContainer.a */,
			);
			name = Frameworks;
			path = ElectrodeContainer/Frameworks;
			sourceTree = "<group>";
		};
		7F9A82FD1FB117530026F523 /* APIImpls */ = {
			isa = PBXGroup;
			children = (
				189788C016AA4C408F685E49 /* EnNavigationApiController.swift */,
				80AECF96A7EC414686C9AA76 /* EnNavigationApiRequestHandlerDelegate.swift */,
				5460C7428FB04AE38826CE42 /* EnNavigationApiRequestHandlerProvider.swift */,
				D94904C5BDFF4C7FA6D7099C /* RequestHandlerConfig.swift */,
				FF9FB5B07B9C4DCEA4B48A55 /* RequestHandlerProvider.swift */,
				517B4D1FD33D4A9BAD128DBA /* ENCoreDelegate.swift */,
				9312DE5EF4634F199096E8EE /* ENMiniAppDataProvider.swift */,
				6A67590057E549C3AA4D364B /* ENBarButtonItem.swift */,
				329C3EAA3ED64081AF98BE21 /* ENBaseNavigationController.swift */,
				FF9CFD592A5548AA821E0C7E /* ENMiniAppNavDataProvider.swift */,
				46B4CFDBF2884FB280198754 /* ENNavigationAPIImpl.swift */,
				24151BA8B5C34C678C18EB31 /* ENNavigationBarState.swift */,
				4927B9B11F7045B6A54A724C /* ENNavigationDelegate.swift */,
				F75BFB1AB8614D649D9BF137 /* ENNavigationProtocol.swift */,
				683248BB8EAC40088517DD2E /* ENNavigationUtils.swift */,
				518979F21E4F426EB7390C51 /* ENOverlayProtocol.swift */,
				B49C8E99E00047AD91A0C466 /* MiniAppNavViewController.swift */,
			);
			name = APIImpls;
			sourceTree = "<group>";
		};
		9654B8921E5CCA1D00AFF607 /* MiniApp */ = {
			isa = PBXGroup;
			children = (
				22BF1FEA1E8DAAF800E7F500 /* assets */,
				223A89451E89CDC70092741E /* MiniApp.jsbundle */,
			);
			path = MiniApp;
			sourceTree = "<group>";
		};
		DA42DF58233C1B0500046338 /* DevAssist */ = {
			isa = PBXGroup;
			children = (
				DA42DF5C233C1B0500046338 /* ERNDevSettingsViewController.h */,
				DA42DF5A233C1B0500046338 /* ERNDevSettingsViewController.m */,
				DA42DF5B233C1B0500046338 /* ElectrodeBundle.h */,
				DA42DF59233C1B0500046338 /* ElectrodeBundle.m */,
			);
			path = DevAssist;
			sourceTree = "<group>";
		};
/* End PBXGroup section */

/* Begin PBXHeadersBuildPhase section */
		485009E01E2FF23B009B6610 /* Headers */ = {
			isa = PBXHeadersBuildPhase;
			buildActionMask = 2147483647;
			files = (
				485009F41E2FF23C009B6610 /* ElectrodeContainer.h in Headers */,
				968333D71E54E3470031C565 /* ElectrodeBridgeDelegate.h in Headers */,
				301CB9031F33F3450048C58B /* NSBundle+frameworkBundle.h in Headers */,
				304000E82098E1F000BF751C /* ElectrodePluginConfig.h in Headers */,
				30F8CDEE1E67946E00413247 /* ElectrodeReactNative_Internal.h in Headers */,
				48500A981E2FF55B009B6610 /* ElectrodeReactNative.h in Headers */,
				DA42DF60233C1B0500046338 /* ERNDevSettingsViewController.h in Headers */,
				DA42DF5F233C1B0500046338 /* ElectrodeBundle.h in Headers */,
				66D34C7D7139475EAD3691AD /* EnNavigationAPI.swift in Headers */,
				6E8045DA671B4F89A01B11A3 /* EnNavigationEvents.swift in Headers */,
				562FD40B61294BA99D6443DB /* EnNavigationRequests.swift in Headers */,
				469CA25B0F844F9B869E87AB /* ErnNavRoute.swift in Headers */,
				5E43D986107B455F85419C8E /* NavEventData.swift in Headers */,
				1FEB087825344B00A0B83F7F /* NavigationBar.swift in Headers */,
				C966FBA020AD4883859B41DD /* NavigationBarButton.swift in Headers */,
				A9F1FD1A5D2A4908AC9250DF /* NavigationBarLeftButton.swift in Headers */,
				611835B246124B79A0F7AD47 /* ENCoreDelegate.swift in Headers */,
				0E5A8E4CB10B4AA68A18210B /* ENMiniAppDataProvider.swift in Headers */,
				5C3920B562924762AF5620A8 /* ElectrodeBridgeEvent.h in Headers */,
				765328DDFC244DF78CE85FA2 /* ElectrodeBridgeFailureMessage.h in Headers */,
				6B5B7A6BADFE4D998DF9EA2F /* ElectrodeBridgeHolder.h in Headers */,
				34B2574FC49441CF8B40B9A8 /* ElectrodeBridgeMessage.h in Headers */,
				04F314FBD9D34F4A8E44C599 /* ElectrodeBridgeProtocols.h in Headers */,
				7EE889A5E14D4C3294A1E88C /* ElectrodeBridgeRequest.h in Headers */,
				C8E588808F284A3BA4197AD4 /* ElectrodeBridgeTransaction.h in Headers */,
				059057A5172741F1B2FAFEDC /* ElectrodeBridgeTransceiver.h in Headers */,
				FEE9AC417DA940B88B323A96 /* ElectrodeBridgeTransceiver_Internal.h in Headers */,
				20FAA840102F4CBC82ADDB70 /* ElectrodeEventDispatcher.h in Headers */,
				0042C8E755044455970B31B8 /* ElectrodeEventRegistrar.h in Headers */,
				CB6E30C70F274D95AE32C29B /* ElectrodeRequestDispatcher.h in Headers */,
				EE95798919234580BDE7A88C /* ElectrodeRequestRegistrar.h in Headers */,
				BE1A2EBACD7341B58631B54A /* ElectrodeReactNativeBridge.h in Headers */,
				F19306751E334BC58165CA0A /* ElectrodeBridgeResponse.h in Headers */,
				C18B76E30D5048EDA3531400 /* ElectrodeLogger.h in Headers */,
			);
			runOnlyForDeploymentPostprocessing = 0;
		};
/* End PBXHeadersBuildPhase section */

/* Begin PBXNativeTarget section */
		485009E21E2FF23B009B6610 /* ElectrodeContainer */ = {
			isa = PBXNativeTarget;
			buildConfigurationList = 485009F71E2FF23C009B6610 /* Build configuration list for PBXNativeTarget "ElectrodeContainer" */;
			buildPhases = (
				B1FCA776AE642C069C976D28 /* [CP] Check Pods Manifest.lock */,
				485009DE1E2FF23B009B6610 /* Sources */,
				485009DF1E2FF23B009B6610 /* Frameworks */,
				485009E01E2FF23B009B6610 /* Headers */,
				485009E11E2FF23B009B6610 /* Resources */,
				9C2FE58C23EBF1750014DB26 /* Embed Frameworks */,
				0F986622EE4DC5C6C7246D40 /* [CP] Copy Pods Resources */,
			);
			buildRules = (
			);
			dependencies = (
			);
			name = ElectrodeContainer;
			productName = ElectrodeContainer;
			productReference = 485009E31E2FF23B009B6610 /* ElectrodeContainer.framework */;
			productType = "com.apple.product-type.framework";
		};
		485009EB1E2FF23C009B6610 /* ElectrodeContainerTests */ = {
			isa = PBXNativeTarget;
			buildConfigurationList = 485009FA1E2FF23C009B6610 /* Build configuration list for PBXNativeTarget "ElectrodeContainerTests" */;
			buildPhases = (
				485009E81E2FF23C009B6610 /* Sources */,
				485009E91E2FF23C009B6610 /* Frameworks */,
				485009EA1E2FF23C009B6610 /* Resources */,
			);
			buildRules = (
			);
			dependencies = (
				485009EF1E2FF23C009B6610 /* PBXTargetDependency */,
			);
			name = ElectrodeContainerTests;
			productName = ElectrodeContainerTests;
			productReference = 485009EC1E2FF23C009B6610 /* ElectrodeContainerTests.xctest */;
			productType = "com.apple.product-type.bundle.unit-test";
		};
/* End PBXNativeTarget section */

/* Begin PBXProject section */
		485009DA1E2FF23B009B6610 /* Project object */ = {
			isa = PBXProject;
			attributes = {
				LastUpgradeCheck = 920;
				ORGANIZATIONNAME = Walmart;
				TargetAttributes = {
					485009E21E2FF23B009B6610 = {
						CreatedOnToolsVersion = 8.2.1;
						ProvisioningStyle = Automatic;
					};
					485009EB1E2FF23C009B6610 = {
						CreatedOnToolsVersion = 8.2.1;
						DevelopmentTeam = DXZ5VF8836;
						ProvisioningStyle = Automatic;
					};
				};
			};
			buildConfigurationList = 485009DD1E2FF23B009B6610 /* Build configuration list for PBXProject "ElectrodeContainer" */;
			compatibilityVersion = "Xcode 3.2";
			developmentRegion = English;
			hasScannedForEncodings = 0;
			knownRegions = (
				en,
			);
			mainGroup = 485009D91E2FF23B009B6610;
			productRefGroup = 485009E41E2FF23B009B6610 /* Products */;
			projectDirPath = "";
			projectRoot = "";
			targets = (
				485009E21E2FF23B009B6610 /* ElectrodeContainer */,
				485009EB1E2FF23C009B6610 /* ElectrodeContainerTests */,
			);
		};
/* End PBXProject section */

/* Begin PBXResourcesBuildPhase section */
		485009E11E2FF23B009B6610 /* Resources */ = {
			isa = PBXResourcesBuildPhase;
			buildActionMask = 2147483647;
			files = (
				22BF1FEB1E8DAAF800E7F500 /* assets in Resources */,
				223A89461E89CDC70092741E /* MiniApp.jsbundle in Resources */,
			);
			runOnlyForDeploymentPostprocessing = 0;
		};
		485009EA1E2FF23C009B6610 /* Resources */ = {
			isa = PBXResourcesBuildPhase;
			buildActionMask = 2147483647;
			files = (
			);
			runOnlyForDeploymentPostprocessing = 0;
		};
/* End PBXResourcesBuildPhase section */

/* Begin PBXShellScriptBuildPhase section */
		0F986622EE4DC5C6C7246D40 /* [CP] Copy Pods Resources */ = {
			isa = PBXShellScriptBuildPhase;
			buildActionMask = 2147483647;
			files = (
			);
			inputPaths = (
				"${PODS_ROOT}/Target Support Files/Pods-ElectrodeContainer/Pods-ElectrodeContainer-resources.sh",
				"${PODS_CONFIGURATION_BUILD_DIR}/React-Core/AccessibilityResources.bundle",
			);
			name = "[CP] Copy Pods Resources";
			outputPaths = (
				"${TARGET_BUILD_DIR}/${UNLOCALIZED_RESOURCES_FOLDER_PATH}/AccessibilityResources.bundle",
			);
			runOnlyForDeploymentPostprocessing = 0;
			shellPath = /bin/sh;
			shellScript = "\"${PODS_ROOT}/Target Support Files/Pods-ElectrodeContainer/Pods-ElectrodeContainer-resources.sh\"\n";
			showEnvVarsInLog = 0;
		};
		B1FCA776AE642C069C976D28 /* [CP] Check Pods Manifest.lock */ = {
			isa = PBXShellScriptBuildPhase;
			buildActionMask = 2147483647;
			files = (
			);
			inputFileListPaths = (
			);
			inputPaths = (
				"${PODS_PODFILE_DIR_PATH}/Podfile.lock",
				"${PODS_ROOT}/Manifest.lock",
			);
			name = "[CP] Check Pods Manifest.lock";
			outputFileListPaths = (
			);
			outputPaths = (
				"$(DERIVED_FILE_DIR)/Pods-ElectrodeContainer-checkManifestLockResult.txt",
			);
			runOnlyForDeploymentPostprocessing = 0;
			shellPath = /bin/sh;
			shellScript = "diff \"${PODS_PODFILE_DIR_PATH}/Podfile.lock\" \"${PODS_ROOT}/Manifest.lock\" > /dev/null\nif [ $? != 0 ] ; then\n    # print error to STDERR\n    echo \"error: The sandbox is not in sync with the Podfile.lock. Run 'pod install' or update your CocoaPods installation.\" >&2\n    exit 1\nfi\n# This output is used by Xcode 'outputs' to avoid re-running this script phase.\necho \"SUCCESS\" > \"${SCRIPT_OUTPUT_FILE_0}\"\n";
			showEnvVarsInLog = 0;
		};
/* End PBXShellScriptBuildPhase section */

/* Begin PBXSourcesBuildPhase section */
		485009DE1E2FF23B009B6610 /* Sources */ = {
			isa = PBXSourcesBuildPhase;
			buildActionMask = 2147483647;
			files = (
				48500A991E2FF55B009B6610 /* ElectrodeReactNative.m in Sources */,
				301CB9021F33F3450048C58B /* NSBundle+frameworkBundle.m in Sources */,
				968333D81E54E3470031C565 /* ElectrodeBridgeDelegate.m in Sources */,
				DA42DF5E233C1B0500046338 /* ERNDevSettingsViewController.m in Sources */,
				DA42DF5D233C1B0500046338 /* ElectrodeBundle.m in Sources */,
				FDD21DF47712459187B6410D /* EnNavigationAPI.swift in Sources */,
				208D5379BF3F42579CF96915 /* EnNavigationEvents.swift in Sources */,
				333F1CFDDE7D46288B09CD83 /* EnNavigationRequests.swift in Sources */,
				E1200F3544434A53BDCDA72D /* ErnNavRoute.swift in Sources */,
				D93986FCF63E496EB314C2EC /* NavEventData.swift in Sources */,
				7BA67F62982C48438B1C9221 /* NavigationBar.swift in Sources */,
				15CC391504614511B59E48AF /* NavigationBarButton.swift in Sources */,
				26D2EE548BDF43919A880219 /* NavigationBarLeftButton.swift in Sources */,
				497F5AD0E79A4E87BC6BBBDA /* EnNavigationApiController.swift in Sources */,
				FB321FC910BA4D2CA221C64B /* EnNavigationApiRequestHandlerDelegate.swift in Sources */,
				2EE65C3DCED44D7888E5D5B2 /* EnNavigationApiRequestHandlerProvider.swift in Sources */,
				306A27480C0842E5AC34B354 /* RequestHandlerConfig.swift in Sources */,
				0AAC2F51207B47738813B083 /* RequestHandlerProvider.swift in Sources */,
				6B42A7E76ED54247A11C8D00 /* ENCoreDelegate.swift in Sources */,
				8E5824D3579E45EE9CF7B547 /* ENMiniAppDataProvider.swift in Sources */,
				9E043BCE1BF8410B8C9A4837 /* ENBarButtonItem.swift in Sources */,
				9993EE70D49E430DB299E251 /* ENBaseNavigationController.swift in Sources */,
				C120770BC67B4668B48F0D4D /* ENMiniAppNavDataProvider.swift in Sources */,
				ECBD51B83CAE45E18411202D /* ENNavigationAPIImpl.swift in Sources */,
				E32C2C73C36E480D908A373C /* ENNavigationBarState.swift in Sources */,
				97CE16C3D43D4A0B84FF7353 /* ENNavigationDelegate.swift in Sources */,
				00E4AF6314E340D2B514D0F0 /* ENNavigationProtocol.swift in Sources */,
				A54148532C8D4BFB8B0F0CFB /* ENNavigationUtils.swift in Sources */,
				F9EFDE4067BC4345BF9C0D2E /* ENOverlayProtocol.swift in Sources */,
				956A6CA844C54E6CA59CCA93 /* MiniAppNavViewController.swift in Sources */,
				AB532511C62E40E9B838AEB9 /* ElectrodeObject.swift in Sources */,
				A9D80BFAA0744CFEB53EF693 /* Bridgeable.swift in Sources */,
				1BDD888053674B1696BA5EB0 /* ElectrodeRequestHandlerProcessor.swift in Sources */,
				2118F2452A85496A9FF7C5BA /* ElectrodeRequestProcessor.swift in Sources */,
				728F139EFC384665B607AA22 /* ElectrodeUtilities.swift in Sources */,
				B43F7628804549F6948076D7 /* EventListenerProcessor.swift in Sources */,
				B719FEE1EAA9441581BAB62B /* EventProcessor.swift in Sources */,
				2321380213A3475598D42280 /* Processor.swift in Sources */,
				E540ECB3AA014E5585CF0B7E /* None.swift in Sources */,
				4A32B2737D7349B2BF24454B /* ElectrodeBridgeEvent.m in Sources */,
				9DA54089517544FC86FD3F2E /* ElectrodeBridgeFailureMessage.m in Sources */,
				3622DA18B0184FA8ABE1E7E4 /* ElectrodeBridgeHolder.m in Sources */,
				9C9DD02BAE194ABEB9D09447 /* ElectrodeBridgeMessage.m in Sources */,
				3C033A2DBED3428B8CFFF0A5 /* ElectrodeBridgeProtocols.m in Sources */,
				65815FEB57A040B6AB0BA2A3 /* ElectrodeBridgeRequest.m in Sources */,
				77F4124BA8D540288A91890F /* ElectrodeBridgeResponse.m in Sources */,
				151F13E2F1004C56A3474265 /* ElectrodeBridgeTransaction.m in Sources */,
				A067D97DDD3F4E57BFDC96E1 /* ElectrodeBridgeTransceiver.m in Sources */,
				8053113D9DFF4211A0EF6089 /* ElectrodeEventDispatcher.m in Sources */,
				E1257F25458349AB8424C8D8 /* ElectrodeEventRegistrar.m in Sources */,
				7D8F7A647AA44AB78AA18492 /* ElectrodeRequestDispatcher.m in Sources */,
				3CB03F02F77042BFA57EA268 /* ElectrodeRequestRegistrar.m in Sources */,
				691D9EEACCF24CC99A167B0D /* ElectrodeLogger.m in Sources */,
				42EEBF20A5A64B088BD326AB /* MiniAppsConfig.swift in Sources */,
				1678B8197634438C91EA8AA7 /* ShoppingListMiniappNavigationController.swift in Sources */,
				AEF86B03BAEA463B8C3B81E1 /* ShoppingProductMiniappNavigationController.swift in Sources */,
			);
			runOnlyForDeploymentPostprocessing = 0;
		};
		485009E81E2FF23C009B6610 /* Sources */ = {
			isa = PBXSourcesBuildPhase;
			buildActionMask = 2147483647;
			files = (
			);
			runOnlyForDeploymentPostprocessing = 0;
		};
/* End PBXSourcesBuildPhase section */

/* Begin PBXTargetDependency section */
		485009EF1E2FF23C009B6610 /* PBXTargetDependency */ = {
			isa = PBXTargetDependency;
			target = 485009E21E2FF23B009B6610 /* ElectrodeContainer */;
			targetProxy = 485009EE1E2FF23C009B6610 /* PBXContainerItemProxy */;
		};
/* End PBXTargetDependency section */

/* Begin XCBuildConfiguration section */
		303268E41EA8139700A41A8F /* QADeployment */ = {
			isa = XCBuildConfiguration;
			baseConfigurationReference = 22CB683D20C9C46A0031A349 /* Project-QADeployment.xcconfig */;
			buildSettings = {
				"EXCLUDED_ARCHS[sdk=iphonesimulator*]" = "arm64 ";
			};
			name = QADeployment;
		};
		303268E51EA8139700A41A8F /* QADeployment */ = {
			isa = XCBuildConfiguration;
			baseConfigurationReference = 22CB684020C9C46A0031A349 /* ElectrodeContainer-QADeployment.xcconfig */;
			buildSettings = {
			};
			name = QADeployment;
		};
		303268E61EA8139700A41A8F /* QADeployment */ = {
			isa = XCBuildConfiguration;
			baseConfigurationReference = 22CB684620C9C46A0031A349 /* ElectrodeContainerTests-QADeployment.xcconfig */;
			buildSettings = {
			};
			name = QADeployment;
		};
		485009F51E2FF23C009B6610 /* Debug */ = {
			isa = XCBuildConfiguration;
			baseConfigurationReference = 22CB684720C9C46A0031A349 /* Project-Debug.xcconfig */;
			buildSettings = {
				"EXCLUDED_ARCHS[sdk=iphonesimulator*]" = "arm64 ";
			};
			name = Debug;
		};
		485009F61E2FF23C009B6610 /* Release */ = {
			isa = XCBuildConfiguration;
			baseConfigurationReference = 22CB683E20C9C46A0031A349 /* Project-Release.xcconfig */;
			buildSettings = {
				"EXCLUDED_ARCHS[sdk=iphonesimulator*]" = "arm64 ";
			};
			name = Release;
		};
		485009F81E2FF23C009B6610 /* Debug */ = {
			isa = XCBuildConfiguration;
			baseConfigurationReference = 22CB684120C9C46A0031A349 /* ElectrodeContainer-Debug.xcconfig */;
			buildSettings = {
			};
			name = Debug;
		};
		485009F91E2FF23C009B6610 /* Release */ = {
			isa = XCBuildConfiguration;
			baseConfigurationReference = 22CB684220C9C46A0031A349 /* ElectrodeContainer-Release.xcconfig */;
			buildSettings = {
			};
			name = Release;
		};
		485009FB1E2FF23C009B6610 /* Debug */ = {
			isa = XCBuildConfiguration;
			baseConfigurationReference = 22CB684820C9C46B0031A349 /* ElectrodeContainerTests-Debug.xcconfig */;
			buildSettings = {
			};
			name = Debug;
		};
		485009FC1E2FF23C009B6610 /* Release */ = {
			isa = XCBuildConfiguration;
			baseConfigurationReference = 22CB684420C9C46A0031A349 /* ElectrodeContainerTests-Release.xcconfig */;
			buildSettings = {
			};
			name = Release;
		};
/* End XCBuildConfiguration section */

/* Begin XCConfigurationList section */
		485009DD1E2FF23B009B6610 /* Build configuration list for PBXProject "ElectrodeContainer" */ = {
			isa = XCConfigurationList;
			buildConfigurations = (
				485009F51E2FF23C009B6610 /* Debug */,
				303268E41EA8139700A41A8F /* QADeployment */,
				485009F61E2FF23C009B6610 /* Release */,
			);
			defaultConfigurationIsVisible = 0;
			defaultConfigurationName = Release;
		};
		485009F71E2FF23C009B6610 /* Build configuration list for PBXNativeTarget "ElectrodeContainer" */ = {
			isa = XCConfigurationList;
			buildConfigurations = (
				485009F81E2FF23C009B6610 /* Debug */,
				303268E51EA8139700A41A8F /* QADeployment */,
				485009F91E2FF23C009B6610 /* Release */,
			);
			defaultConfigurationIsVisible = 0;
			defaultConfigurationName = Release;
		};
		485009FA1E2FF23C009B6610 /* Build configuration list for PBXNativeTarget "ElectrodeContainerTests" */ = {
			isa = XCConfigurationList;
			buildConfigurations = (
				485009FB1E2FF23C009B6610 /* Debug */,
				303268E61EA8139700A41A8F /* QADeployment */,
				485009FC1E2FF23C009B6610 /* Release */,
			);
			defaultConfigurationIsVisible = 0;
			defaultConfigurationName = Release;
		};
/* End XCConfigurationList section */
	};
	rootObject = 485009DA1E2FF23B009B6610 /* Project object */;
}
